// !$*UTF8*$!
{
	archiveVersion = 1;
	classes = {
	};
	objectVersion = 50;
	objects = {

/* Begin PBXBuildFile section */
		184E1A02210648DF00A0EE84 /* AppDelegate.swift in Sources */ = {isa = PBXBuildFile; fileRef = 184E1A01210648DF00A0EE84 /* AppDelegate.swift */; };
		184E1A07210648DF00A0EE84 /* Main.storyboard in Resources */ = {isa = PBXBuildFile; fileRef = 184E1A05210648DF00A0EE84 /* Main.storyboard */; };
		184E1A0A210648DF00A0EE84 /* TimePlay.xcdatamodeld in Sources */ = {isa = PBXBuildFile; fileRef = 184E1A08210648DF00A0EE84 /* TimePlay.xcdatamodeld */; };
		184E1A0C210648E000A0EE84 /* Assets.xcassets in Resources */ = {isa = PBXBuildFile; fileRef = 184E1A0B210648E000A0EE84 /* Assets.xcassets */; };
		184E1A0F210648E000A0EE84 /* LaunchScreen.storyboard in Resources */ = {isa = PBXBuildFile; fileRef = 184E1A0D210648E000A0EE84 /* LaunchScreen.storyboard */; };
		184E1A1A21064A0400A0EE84 /* logo.png in Resources */ = {isa = PBXBuildFile; fileRef = 184E1A1921064A0400A0EE84 /* logo.png */; };
		184E1A1C21066F9A00A0EE84 /* LoginViewController.swift in Sources */ = {isa = PBXBuildFile; fileRef = 184E1A1B21066F9A00A0EE84 /* LoginViewController.swift */; };
		184E1A1E21066FB600A0EE84 /* SignUpViewController.swift in Sources */ = {isa = PBXBuildFile; fileRef = 184E1A1D21066FB600A0EE84 /* SignUpViewController.swift */; };
		184E1A2021066FCC00A0EE84 /* RecoveryEmailEnterViewController.swift in Sources */ = {isa = PBXBuildFile; fileRef = 184E1A1F21066FCC00A0EE84 /* RecoveryEmailEnterViewController.swift */; };
		184E1A2221066FDC00A0EE84 /* RecoveryCodeEnterViewController.swift in Sources */ = {isa = PBXBuildFile; fileRef = 184E1A2121066FDC00A0EE84 /* RecoveryCodeEnterViewController.swift */; };
		184E1A2421066FF500A0EE84 /* RecoveryPasswordEnterViewController.swift in Sources */ = {isa = PBXBuildFile; fileRef = 184E1A2321066FF500A0EE84 /* RecoveryPasswordEnterViewController.swift */; };
		184E1A262106E0D400A0EE84 /* Validations.swift in Sources */ = {isa = PBXBuildFile; fileRef = 184E1A252106E0D400A0EE84 /* Validations.swift */; };
		29061EC7210AA7590095881C /* GoogleService-Info.plist in Resources */ = {isa = PBXBuildFile; fileRef = 29061EC6210AA7590095881C /* GoogleService-Info.plist */; };
		29AA69E1210EC73A007A11A9 /* QuizViewController.swift in Sources */ = {isa = PBXBuildFile; fileRef = 29AA69E0210EC73A007A11A9 /* QuizViewController.swift */; };
		29AA69E3210EC750007A11A9 /* ResultViewController.swift in Sources */ = {isa = PBXBuildFile; fileRef = 29AA69E2210EC750007A11A9 /* ResultViewController.swift */; };
		87055C105A297FD6747A21CA /* Pods_TimePlay.framework in Frameworks */ = {isa = PBXBuildFile; fileRef = C55ED4A2C39544919A21BA77 /* Pods_TimePlay.framework */; };
/* End PBXBuildFile section */

/* Begin PBXFileReference section */
		184E19FE210648DF00A0EE84 /* TimePlay.app */ = {isa = PBXFileReference; explicitFileType = wrapper.application; includeInIndex = 0; path = TimePlay.app; sourceTree = BUILT_PRODUCTS_DIR; };
		184E1A01210648DF00A0EE84 /* AppDelegate.swift */ = {isa = PBXFileReference; lastKnownFileType = sourcecode.swift; path = AppDelegate.swift; sourceTree = "<group>"; };
		184E1A06210648DF00A0EE84 /* Base */ = {isa = PBXFileReference; lastKnownFileType = file.storyboard; name = Base; path = Base.lproj/Main.storyboard; sourceTree = "<group>"; };
		184E1A09210648DF00A0EE84 /* TimePlay.xcdatamodel */ = {isa = PBXFileReference; lastKnownFileType = wrapper.xcdatamodel; path = TimePlay.xcdatamodel; sourceTree = "<group>"; };
		184E1A0B210648E000A0EE84 /* Assets.xcassets */ = {isa = PBXFileReference; lastKnownFileType = folder.assetcatalog; path = Assets.xcassets; sourceTree = "<group>"; };
		184E1A0E210648E000A0EE84 /* Base */ = {isa = PBXFileReference; lastKnownFileType = file.storyboard; name = Base; path = Base.lproj/LaunchScreen.storyboard; sourceTree = "<group>"; };
		184E1A10210648E000A0EE84 /* Info.plist */ = {isa = PBXFileReference; lastKnownFileType = text.plist.xml; path = Info.plist; sourceTree = "<group>"; };
		184E1A1921064A0400A0EE84 /* logo.png */ = {isa = PBXFileReference; lastKnownFileType = image.png; path = logo.png; sourceTree = "<group>"; };
		184E1A1B21066F9A00A0EE84 /* LoginViewController.swift */ = {isa = PBXFileReference; lastKnownFileType = sourcecode.swift; path = LoginViewController.swift; sourceTree = "<group>"; };
		184E1A1D21066FB600A0EE84 /* SignUpViewController.swift */ = {isa = PBXFileReference; lastKnownFileType = sourcecode.swift; path = SignUpViewController.swift; sourceTree = "<group>"; };
		184E1A1F21066FCC00A0EE84 /* RecoveryEmailEnterViewController.swift */ = {isa = PBXFileReference; lastKnownFileType = sourcecode.swift; path = RecoveryEmailEnterViewController.swift; sourceTree = "<group>"; };
		184E1A2121066FDC00A0EE84 /* RecoveryCodeEnterViewController.swift */ = {isa = PBXFileReference; lastKnownFileType = sourcecode.swift; path = RecoveryCodeEnterViewController.swift; sourceTree = "<group>"; };
		184E1A2321066FF500A0EE84 /* RecoveryPasswordEnterViewController.swift */ = {isa = PBXFileReference; lastKnownFileType = sourcecode.swift; path = RecoveryPasswordEnterViewController.swift; sourceTree = "<group>"; };
		184E1A252106E0D400A0EE84 /* Validations.swift */ = {isa = PBXFileReference; lastKnownFileType = sourcecode.swift; path = Validations.swift; sourceTree = "<group>"; };
		29061EC6210AA7590095881C /* GoogleService-Info.plist */ = {isa = PBXFileReference; fileEncoding = 4; lastKnownFileType = text.plist.xml; path = "GoogleService-Info.plist"; sourceTree = "<group>"; };
		29AA69E0210EC73A007A11A9 /* QuizViewController.swift */ = {isa = PBXFileReference; lastKnownFileType = sourcecode.swift; path = QuizViewController.swift; sourceTree = "<group>"; };
		29AA69E2210EC750007A11A9 /* ResultViewController.swift */ = {isa = PBXFileReference; lastKnownFileType = sourcecode.swift; path = ResultViewController.swift; sourceTree = "<group>"; };
		B2F34A9651FD674CD1362BD5 /* Pods-TimePlay.debug.xcconfig */ = {isa = PBXFileReference; includeInIndex = 1; lastKnownFileType = text.xcconfig; name = "Pods-TimePlay.debug.xcconfig"; path = "Pods/Target Support Files/Pods-TimePlay/Pods-TimePlay.debug.xcconfig"; sourceTree = "<group>"; };
		C55ED4A2C39544919A21BA77 /* Pods_TimePlay.framework */ = {isa = PBXFileReference; explicitFileType = wrapper.framework; includeInIndex = 0; path = Pods_TimePlay.framework; sourceTree = BUILT_PRODUCTS_DIR; };
		CC20D54D63F158C7B0DB1E12 /* Pods-TimePlay.release.xcconfig */ = {isa = PBXFileReference; includeInIndex = 1; lastKnownFileType = text.xcconfig; name = "Pods-TimePlay.release.xcconfig"; path = "Pods/Target Support Files/Pods-TimePlay/Pods-TimePlay.release.xcconfig"; sourceTree = "<group>"; };
/* End PBXFileReference section */

/* Begin PBXFrameworksBuildPhase section */
		184E19FB210648DF00A0EE84 /* Frameworks */ = {
			isa = PBXFrameworksBuildPhase;
			buildActionMask = 2147483647;
			files = (
				87055C105A297FD6747A21CA /* Pods_TimePlay.framework in Frameworks */,
			);
			runOnlyForDeploymentPostprocessing = 0;
		};
/* End PBXFrameworksBuildPhase section */

/* Begin PBXGroup section */
		184E19F5210648DF00A0EE84 = {
			isa = PBXGroup;
			children = (
				184E1A252106E0D400A0EE84 /* Validations.swift */,
				184E1A162106490900A0EE84 /* Images */,
				184E1A00210648DF00A0EE84 /* TimePlay */,
				184E19FF210648DF00A0EE84 /* Products */,
				FA19170388FA321372004957 /* Pods */,
				E822A3CC541B0FCEF272260A /* Frameworks */,
			);
			sourceTree = "<group>";
		};
		184E19FF210648DF00A0EE84 /* Products */ = {
			isa = PBXGroup;
			children = (
				184E19FE210648DF00A0EE84 /* TimePlay.app */,
			);
			name = Products;
			sourceTree = "<group>";
		};
		184E1A00210648DF00A0EE84 /* TimePlay */ = {
			isa = PBXGroup;
			children = (
				29061EC6210AA7590095881C /* GoogleService-Info.plist */,
				184E1A01210648DF00A0EE84 /* AppDelegate.swift */,
				184E1A05210648DF00A0EE84 /* Main.storyboard */,
				184E1A1B21066F9A00A0EE84 /* LoginViewController.swift */,
				184E1A1D21066FB600A0EE84 /* SignUpViewController.swift */,
				184E1A1F21066FCC00A0EE84 /* RecoveryEmailEnterViewController.swift */,
				184E1A2121066FDC00A0EE84 /* RecoveryCodeEnterViewController.swift */,
				184E1A2321066FF500A0EE84 /* RecoveryPasswordEnterViewController.swift */,
				184E1A0B210648E000A0EE84 /* Assets.xcassets */,
				184E1A0D210648E000A0EE84 /* LaunchScreen.storyboard */,
				184E1A10210648E000A0EE84 /* Info.plist */,
				184E1A08210648DF00A0EE84 /* TimePlay.xcdatamodeld */,
				29AA69E0210EC73A007A11A9 /* QuizViewController.swift */,
				29AA69E2210EC750007A11A9 /* ResultViewController.swift */,
			);
			path = TimePlay;
			sourceTree = "<group>";
		};
		184E1A162106490900A0EE84 /* Images */ = {
			isa = PBXGroup;
			children = (
				184E1A1921064A0400A0EE84 /* logo.png */,
			);
			path = Images;
			sourceTree = "<group>";
		};
		E822A3CC541B0FCEF272260A /* Frameworks */ = {
			isa = PBXGroup;
			children = (
				C55ED4A2C39544919A21BA77 /* Pods_TimePlay.framework */,
			);
			name = Frameworks;
			sourceTree = "<group>";
		};
		FA19170388FA321372004957 /* Pods */ = {
			isa = PBXGroup;
			children = (
				B2F34A9651FD674CD1362BD5 /* Pods-TimePlay.debug.xcconfig */,
				CC20D54D63F158C7B0DB1E12 /* Pods-TimePlay.release.xcconfig */,
			);
			name = Pods;
			sourceTree = "<group>";
		};
/* End PBXGroup section */

/* Begin PBXNativeTarget section */
		184E19FD210648DF00A0EE84 /* TimePlay */ = {
			isa = PBXNativeTarget;
			buildConfigurationList = 184E1A13210648E000A0EE84 /* Build configuration list for PBXNativeTarget "TimePlay" */;
			buildPhases = (
				E5290F1C7BD304908C7B319C /* [CP] Check Pods Manifest.lock */,
				184E19FA210648DF00A0EE84 /* Sources */,
				184E19FB210648DF00A0EE84 /* Frameworks */,
				184E19FC210648DF00A0EE84 /* Resources */,
				6BD9FE4D5657342F5CD6D187 /* [CP] Embed Pods Frameworks */,
			);
			buildRules = (
			);
			dependencies = (
			);
			name = TimePlay;
			productName = TimePlay;
			productReference = 184E19FE210648DF00A0EE84 /* TimePlay.app */;
			productType = "com.apple.product-type.application";
		};
/* End PBXNativeTarget section */

/* Begin PBXProject section */
		184E19F6210648DF00A0EE84 /* Project object */ = {
			isa = PBXProject;
			attributes = {
				LastSwiftUpdateCheck = 0940;
				LastUpgradeCheck = 0940;
				ORGANIZATIONNAME = Romil;
				TargetAttributes = {
					184E19FD210648DF00A0EE84 = {
						CreatedOnToolsVersion = 9.4.1;
					};
				};
			};
			buildConfigurationList = 184E19F9210648DF00A0EE84 /* Build configuration list for PBXProject "TimePlay" */;
			compatibilityVersion = "Xcode 9.3";
			developmentRegion = en;
			hasScannedForEncodings = 0;
			knownRegions = (
				en,
				Base,
			);
			mainGroup = 184E19F5210648DF00A0EE84;
			productRefGroup = 184E19FF210648DF00A0EE84 /* Products */;
			projectDirPath = "";
			projectRoot = "";
			targets = (
				184E19FD210648DF00A0EE84 /* TimePlay */,
			);
		};
/* End PBXProject section */

/* Begin PBXResourcesBuildPhase section */
		184E19FC210648DF00A0EE84 /* Resources */ = {
			isa = PBXResourcesBuildPhase;
			buildActionMask = 2147483647;
			files = (
				184E1A0F210648E000A0EE84 /* LaunchScreen.storyboard in Resources */,
				184E1A0C210648E000A0EE84 /* Assets.xcassets in Resources */,
				29061EC7210AA7590095881C /* GoogleService-Info.plist in Resources */,
				184E1A1A21064A0400A0EE84 /* logo.png in Resources */,
				184E1A07210648DF00A0EE84 /* Main.storyboard in Resources */,
			);
			runOnlyForDeploymentPostprocessing = 0;
		};
/* End PBXResourcesBuildPhase section */

/* Begin PBXShellScriptBuildPhase section */
		6BD9FE4D5657342F5CD6D187 /* [CP] Embed Pods Frameworks */ = {
			isa = PBXShellScriptBuildPhase;
			buildActionMask = 2147483647;
			files = (
			);
			inputPaths = (
				"${SRCROOT}/Pods/Target Support Files/Pods-TimePlay/Pods-TimePlay-frameworks.sh",
				"${BUILT_PRODUCTS_DIR}/GTMSessionFetcher/GTMSessionFetcher.framework",
				"${BUILT_PRODUCTS_DIR}/GoogleToolboxForMac/GoogleToolboxForMac.framework",
				"${BUILT_PRODUCTS_DIR}/leveldb-library/leveldb.framework",
				"${BUILT_PRODUCTS_DIR}/nanopb/nanopb.framework",
			);
			name = "[CP] Embed Pods Frameworks";
			outputPaths = (
				"${TARGET_BUILD_DIR}/${FRAMEWORKS_FOLDER_PATH}/GTMSessionFetcher.framework",
				"${TARGET_BUILD_DIR}/${FRAMEWORKS_FOLDER_PATH}/GoogleToolboxForMac.framework",
				"${TARGET_BUILD_DIR}/${FRAMEWORKS_FOLDER_PATH}/leveldb.framework",
				"${TARGET_BUILD_DIR}/${FRAMEWORKS_FOLDER_PATH}/nanopb.framework",
			);
			runOnlyForDeploymentPostprocessing = 0;
			shellPath = /bin/sh;
			shellScript = "\"${SRCROOT}/Pods/Target Support Files/Pods-TimePlay/Pods-TimePlay-frameworks.sh\"\n";
			showEnvVarsInLog = 0;
		};
		E5290F1C7BD304908C7B319C /* [CP] Check Pods Manifest.lock */ = {
			isa = PBXShellScriptBuildPhase;
			buildActionMask = 2147483647;
			files = (
			);
			inputPaths = (
				"${PODS_PODFILE_DIR_PATH}/Podfile.lock",
				"${PODS_ROOT}/Manifest.lock",
			);
			name = "[CP] Check Pods Manifest.lock";
			outputPaths = (
				"$(DERIVED_FILE_DIR)/Pods-TimePlay-checkManifestLockResult.txt",
			);
			runOnlyForDeploymentPostprocessing = 0;
			shellPath = /bin/sh;
			shellScript = "diff \"${PODS_PODFILE_DIR_PATH}/Podfile.lock\" \"${PODS_ROOT}/Manifest.lock\" > /dev/null\nif [ $? != 0 ] ; then\n    # print error to STDERR\n    echo \"error: The sandbox is not in sync with the Podfile.lock. Run 'pod install' or update your CocoaPods installation.\" >&2\n    exit 1\nfi\n# This output is used by Xcode 'outputs' to avoid re-running this script phase.\necho \"SUCCESS\" > \"${SCRIPT_OUTPUT_FILE_0}\"\n";
			showEnvVarsInLog = 0;
		};
/* End PBXShellScriptBuildPhase section */

/* Begin PBXSourcesBuildPhase section */
		184E19FA210648DF00A0EE84 /* Sources */ = {
			isa = PBXSourcesBuildPhase;
			buildActionMask = 2147483647;
			files = (
				184E1A1C21066F9A00A0EE84 /* LoginViewController.swift in Sources */,
				184E1A02210648DF00A0EE84 /* AppDelegate.swift in Sources */,
				184E1A262106E0D400A0EE84 /* Validations.swift in Sources */,
				184E1A2421066FF500A0EE84 /* RecoveryPasswordEnterViewController.swift in Sources */,
				184E1A0A210648DF00A0EE84 /* TimePlay.xcdatamodeld in Sources */,
				29AA69E3210EC750007A11A9 /* ResultViewController.swift in Sources */,
				184E1A2221066FDC00A0EE84 /* RecoveryCodeEnterViewController.swift in Sources */,
				29AA69E1210EC73A007A11A9 /* QuizViewController.swift in Sources */,
				184E1A1E21066FB600A0EE84 /* SignUpViewController.swift in Sources */,
				184E1A2021066FCC00A0EE84 /* RecoveryEmailEnterViewController.swift in Sources */,
			);
			runOnlyForDeploymentPostprocessing = 0;
		};
/* End PBXSourcesBuildPhase section */

/* Begin PBXVariantGroup section */
		184E1A05210648DF00A0EE84 /* Main.storyboard */ = {
			isa = PBXVariantGroup;
			children = (
				184E1A06210648DF00A0EE84 /* Base */,
			);
			name = Main.storyboard;
			sourceTree = "<group>";
		};
		184E1A0D210648E000A0EE84 /* LaunchScreen.storyboard */ = {
			isa = PBXVariantGroup;
			children = (
				184E1A0E210648E000A0EE84 /* Base */,
			);
			name = LaunchScreen.storyboard;
			sourceTree = "<group>";
		};
/* End PBXVariantGroup section */

/* Begin XCBuildConfiguration section */
		184E1A11210648E000A0EE84 /* Debug */ = {
			isa = XCBuildConfiguration;
			buildSettings = {
				ALWAYS_SEARCH_USER_PATHS = NO;
				CLANG_ANALYZER_NONNULL = YES;
				CLANG_ANALYZER_NUMBER_OBJECT_CONVERSION = YES_AGGRESSIVE;
				CLANG_CXX_LANGUAGE_STANDARD = "gnu++14";
				CLANG_CXX_LIBRARY = "libc++";
				CLANG_ENABLE_MODULES = YES;
				CLANG_ENABLE_OBJC_ARC = YES;
				CLANG_ENABLE_OBJC_WEAK = YES;
				CLANG_WARN_BLOCK_CAPTURE_AUTORELEASING = YES;
				CLANG_WARN_BOOL_CONVERSION = YES;
				CLANG_WARN_COMMA = YES;
				CLANG_WARN_CONSTANT_CONVERSION = YES;
				CLANG_WARN_DEPRECATED_OBJC_IMPLEMENTATIONS = YES;
				CLANG_WARN_DIRECT_OBJC_ISA_USAGE = YES_ERROR;
				CLANG_WARN_DOCUMENTATION_COMMENTS = YES;
				CLANG_WARN_EMPTY_BODY = YES;
				CLANG_WARN_ENUM_CONVERSION = YES;
				CLANG_WARN_INFINITE_RECURSION = YES;
				CLANG_WARN_INT_CONVERSION = YES;
				CLANG_WARN_NON_LITERAL_NULL_CONVERSION = YES;
				CLANG_WARN_OBJC_IMPLICIT_RETAIN_SELF = YES;
				CLANG_WARN_OBJC_LITERAL_CONVERSION = YES;
				CLANG_WARN_OBJC_ROOT_CLASS = YES_ERROR;
				CLANG_WARN_RANGE_LOOP_ANALYSIS = YES;
				CLANG_WARN_STRICT_PROTOTYPES = YES;
				CLANG_WARN_SUSPICIOUS_MOVE = YES;
				CLANG_WARN_UNGUARDED_AVAILABILITY = YES_AGGRESSIVE;
				CLANG_WARN_UNREACHABLE_CODE = YES;
				CLANG_WARN__DUPLICATE_METHOD_MATCH = YES;
				CODE_SIGN_IDENTITY = "iPhone Developer";
				COPY_PHASE_STRIP = NO;
				DEBUG_INFORMATION_FORMAT = dwarf;
				ENABLE_STRICT_OBJC_MSGSEND = YES;
				ENABLE_TESTABILITY = YES;
				GCC_C_LANGUAGE_STANDARD = gnu11;
				GCC_DYNAMIC_NO_PIC = NO;
				GCC_NO_COMMON_BLOCKS = YES;
				GCC_OPTIMIZATION_LEVEL = 0;
				GCC_PREPROCESSOR_DEFINITIONS = (
					"DEBUG=1",
					"$(inherited)",
				);
				GCC_WARN_64_TO_32_BIT_CONVERSION = YES;
				GCC_WARN_ABOUT_RETURN_TYPE = YES_ERROR;
				GCC_WARN_UNDECLARED_SELECTOR = YES;
				GCC_WARN_UNINITIALIZED_AUTOS = YES_AGGRESSIVE;
				GCC_WARN_UNUSED_FUNCTION = YES;
				GCC_WARN_UNUSED_VARIABLE = YES;
				IPHONEOS_DEPLOYMENT_TARGET = 11.4;
				MTL_ENABLE_DEBUG_INFO = YES;
				ONLY_ACTIVE_ARCH = YES;
				SDKROOT = iphoneos;
				SWIFT_ACTIVE_COMPILATION_CONDITIONS = DEBUG;
				SWIFT_OPTIMIZATION_LEVEL = "-Onone";
			};
			name = Debug;
		};
		184E1A12210648E000A0EE84 /* Release */ = {
			isa = XCBuildConfiguration;
			buildSettings = {
				ALWAYS_SEARCH_USER_PATHS = NO;
				CLANG_ANALYZER_NONNULL = YES;
				CLANG_ANALYZER_NUMBER_OBJECT_CONVERSION = YES_AGGRESSIVE;
				CLANG_CXX_LANGUAGE_STANDARD = "gnu++14";
				CLANG_CXX_LIBRARY = "libc++";
				CLANG_ENABLE_MODULES = YES;
				CLANG_ENABLE_OBJC_ARC = YES;
				CLANG_ENABLE_OBJC_WEAK = YES;
				CLANG_WARN_BLOCK_CAPTURE_AUTORELEASING = YES;
				CLANG_WARN_BOOL_CONVERSION = YES;
				CLANG_WARN_COMMA = YES;
				CLANG_WARN_CONSTANT_CONVERSION = YES;
				CLANG_WARN_DEPRECATED_OBJC_IMPLEMENTATIONS = YES;
				CLANG_WARN_DIRECT_OBJC_ISA_USAGE = YES_ERROR;
				CLANG_WARN_DOCUMENTATION_COMMENTS = YES;
				CLANG_WARN_EMPTY_BODY = YES;
				CLANG_WARN_ENUM_CONVERSION = YES;
				CLANG_WARN_INFINITE_RECURSION = YES;
				CLANG_WARN_INT_CONVERSION = YES;
				CLANG_WARN_NON_LITERAL_NULL_CONVERSION = YES;
				CLANG_WARN_OBJC_IMPLICIT_RETAIN_SELF = YES;
				CLANG_WARN_OBJC_LITERAL_CONVERSION = YES;
				CLANG_WARN_OBJC_ROOT_CLASS = YES_ERROR;
				CLANG_WARN_RANGE_LOOP_ANALYSIS = YES;
				CLANG_WARN_STRICT_PROTOTYPES = YES;
				CLANG_WARN_SUSPICIOUS_MOVE = YES;
				CLANG_WARN_UNGUARDED_AVAILABILITY = YES_AGGRESSIVE;
				CLANG_WARN_UNREACHABLE_CODE = YES;
				CLANG_WARN__DUPLICATE_METHOD_MATCH = YES;
				CODE_SIGN_IDENTITY = "iPhone Developer";
				COPY_PHASE_STRIP = NO;
				DEBUG_INFORMATION_FORMAT = "dwarf-with-dsym";
				ENABLE_NS_ASSERTIONS = NO;
				ENABLE_STRICT_OBJC_MSGSEND = YES;
				GCC_C_LANGUAGE_STANDARD = gnu11;
				GCC_NO_COMMON_BLOCKS = YES;
				GCC_WARN_64_TO_32_BIT_CONVERSION = YES;
				GCC_WARN_ABOUT_RETURN_TYPE = YES_ERROR;
				GCC_WARN_UNDECLARED_SELECTOR = YES;
				GCC_WARN_UNINITIALIZED_AUTOS = YES_AGGRESSIVE;
				GCC_WARN_UNUSED_FUNCTION = YES;
				GCC_WARN_UNUSED_VARIABLE = YES;
				IPHONEOS_DEPLOYMENT_TARGET = 11.4;
				MTL_ENABLE_DEBUG_INFO = NO;
				SDKROOT = iphoneos;
				SWIFT_COMPILATION_MODE = wholemodule;
				SWIFT_OPTIMIZATION_LEVEL = "-O";
				VALIDATE_PRODUCT = YES;
			};
			name = Release;
		};
		184E1A14210648E000A0EE84 /* Debug */ = {
			isa = XCBuildConfiguration;
			baseConfigurationReference = B2F34A9651FD674CD1362BD5 /* Pods-TimePlay.debug.xcconfig */;
			buildSettings = {
				ASSETCATALOG_COMPILER_APPICON_NAME = AppIcon;
				CODE_SIGN_STYLE = Automatic;
				DEVELOPMENT_TEAM = VUTLLAT5S4;
				INFOPLIST_FILE = TimePlay/Info.plist;
				LD_RUNPATH_SEARCH_PATHS = (
					"$(inherited)",
					"@executable_path/Frameworks",
				);
				PRODUCT_BUNDLE_IDENTIFIER = com.shadybond.romilparh.TimePlay;
				PRODUCT_NAME = "$(TARGET_NAME)";
				SWIFT_VERSION = 4.0;
				TARGETED_DEVICE_FAMILY = "1,2";
			};
			name = Debug;
		};
		184E1A15210648E000A0EE84 /* Release */ = {
			isa = XCBuildConfiguration;
			baseConfigurationReference = CC20D54D63F158C7B0DB1E12 /* Pods-TimePlay.release.xcconfig */;
			buildSettings = {
				ASSETCATALOG_COMPILER_APPICON_NAME = AppIcon;
				CODE_SIGN_STYLE = Automatic;
				DEVELOPMENT_TEAM = VUTLLAT5S4;
				INFOPLIST_FILE = TimePlay/Info.plist;
				LD_RUNPATH_SEARCH_PATHS = (
					"$(inherited)",
					"@executable_path/Frameworks",
				);
				PRODUCT_BUNDLE_IDENTIFIER = com.shadybond.romilparh.TimePlay;
				PRODUCT_NAME = "$(TARGET_NAME)";
				SWIFT_VERSION = 4.0;
				TARGETED_DEVICE_FAMILY = "1,2";
			};
			name = Release;
		};
/* End XCBuildConfiguration section */

/* Begin XCConfigurationList section */
		184E19F9210648DF00A0EE84 /* Build configuration list for PBXProject "TimePlay" */ = {
			isa = XCConfigurationList;
			buildConfigurations = (
				184E1A11210648E000A0EE84 /* Debug */,
				184E1A12210648E000A0EE84 /* Release */,
			);
			defaultConfigurationIsVisible = 0;
			defaultConfigurationName = Release;
		};
		184E1A13210648E000A0EE84 /* Build configuration list for PBXNativeTarget "TimePlay" */ = {
			isa = XCConfigurationList;
			buildConfigurations = (
				184E1A14210648E000A0EE84 /* Debug */,
				184E1A15210648E000A0EE84 /* Release */,
			);
			defaultConfigurationIsVisible = 0;
			defaultConfigurationName = Release;
		};
/* End XCConfigurationList section */

/* Begin XCVersionGroup section */
		184E1A08210648DF00A0EE84 /* TimePlay.xcdatamodeld */ = {
			isa = XCVersionGroup;
			children = (
				184E1A09210648DF00A0EE84 /* TimePlay.xcdatamodel */,
			);
			currentVersion = 184E1A09210648DF00A0EE84 /* TimePlay.xcdatamodel */;
			path = TimePlay.xcdatamodeld;
			sourceTree = "<group>";
			versionGroupType = wrapper.xcdatamodel;
		};
/* End XCVersionGroup section */
	};
	rootObject = 184E19F6210648DF00A0EE84 /* Project object */;
}
